{
  "name": "flow_climate",
  "version": "0.0.0",
  "lockfileVersion": 2,
  "requires": true,
  "packages": {
    "": {
      "name": "flow_climate",
      "version": "0.0.0",
      "dependencies": {
        "@amplitude/analytics-browser": "^1.10.3"
      },
      "devDependencies": {
        "husky": "^7.0.0",
        "react-test-renderer": "^17.0.2"
      },
      "engines": {
        "node": "18"
      }
    },
    "node_modules/@amplitude/analytics-browser": {
      "version": "1.10.3",
      "resolved": "https://registry.npmjs.org/@amplitude/analytics-browser/-/analytics-browser-1.10.3.tgz",
      "integrity": "sha512-u9xnHVLMtoWawZssZDC1wYR7GjuXF9DWL09fCdxf5j0Gp9CtRurzt+kUx9KC8IzrBmNSYZ7jG8xhwUWCbIFodg==",
      "dependencies": {
        "@amplitude/analytics-client-common": "^0.7.0",
        "@amplitude/analytics-core": "^0.13.3",
        "@amplitude/analytics-types": "^0.20.0",
        "@amplitude/plugin-page-view-tracking-browser": "^0.8.0",
        "@amplitude/plugin-web-attribution-browser": "^0.7.0",
        "@amplitude/ua-parser-js": "^0.7.31",
        "tslib": "^2.4.1"
      }
    },
    "node_modules/@amplitude/analytics-client-common": {
      "version": "0.7.0",
      "resolved": "https://registry.npmjs.org/@amplitude/analytics-client-common/-/analytics-client-common-0.7.0.tgz",
      "integrity": "sha512-fKBR5DSo6qTqFcCFnLopRdWv6Zieox3YnzyXG2Zg1hR9MDeX96GoMEwwT2VB5MPzGxE1wYW6kQPvU2C/xpn5ww==",
      "dependencies": {
        "@amplitude/analytics-connector": "^1.4.5",
        "@amplitude/analytics-core": "^0.13.3",
        "@amplitude/analytics-types": "^0.20.0",
        "tslib": "^2.4.1"
      }
    },
    "node_modules/@amplitude/analytics-connector": {
      "version": "1.4.8",
      "resolved": "https://registry.npmjs.org/@amplitude/analytics-connector/-/analytics-connector-1.4.8.tgz",
      "integrity": "sha512-dFW7c7Wb6Ng7vbmzwbaXZSpqfBx37ukamJV9ErFYYS8vGZK/Hkbt3M7fZHBI4WFU6CCwakr2ZXPme11uGPYWkQ=="
    },
    "node_modules/@amplitude/analytics-core": {
      "version": "0.13.3",
      "resolved": "https://registry.npmjs.org/@amplitude/analytics-core/-/analytics-core-0.13.3.tgz",
      "integrity": "sha512-lLLmUwi78iqGsCPgd15yH488K+3FPYQ19fCdA3OemoEK9959xCzMZe/KYafQKkgZmI4ZiZLOp3pjamKWc6mcdQ==",
      "dependencies": {
        "@amplitude/analytics-types": "^0.20.0",
        "tslib": "^2.4.1"
      }
    },
    "node_modules/@amplitude/analytics-types": {
      "version": "0.20.0",
      "resolved": "https://registry.npmjs.org/@amplitude/analytics-types/-/analytics-types-0.20.0.tgz",
      "integrity": "sha512-OYoUrf7QUl5sL4mqcQJBu+0GuSar7ga5prJv0HDtPT4LGu7Adv8S3AWljGiEJuTS/YaOMzvTe2qyKZbwyiNrMw=="
    },
    "node_modules/@amplitude/plugin-page-view-tracking-browser": {
      "version": "0.8.0",
      "resolved": "https://registry.npmjs.org/@amplitude/plugin-page-view-tracking-browser/-/plugin-page-view-tracking-browser-0.8.0.tgz",
      "integrity": "sha512-Bun7aGo7woxsnupDEY1YugLQyAXDRtFhQsXnJKKCIkyeeRCq4qsuaAz0wI8w1QV+3IhaAf0lBuSqSuBIhPFDLQ==",
      "dependencies": {
        "@amplitude/analytics-client-common": "^0.7.0",
        "@amplitude/analytics-types": "^0.20.0",
        "tslib": "^2.4.1"
      }
    },
    "node_modules/@amplitude/plugin-web-attribution-browser": {
      "version": "0.7.0",
      "resolved": "https://registry.npmjs.org/@amplitude/plugin-web-attribution-browser/-/plugin-web-attribution-browser-0.7.0.tgz",
      "integrity": "sha512-PKC6SHIVGXvxhxO4CZQOYidoo+aKApLRFGBbRfDEVdSxEDY1b1wTHtqTJomxodqvw4pLocSDiuwC1s7B0p4zAQ==",
      "dependencies": {
        "@amplitude/analytics-client-common": "^0.7.0",
        "@amplitude/analytics-types": "^0.20.0",
        "tslib": "^2.4.1"
      }
    },
    "node_modules/@amplitude/ua-parser-js": {
      "version": "0.7.33",
      "resolved": "https://registry.npmjs.org/@amplitude/ua-parser-js/-/ua-parser-js-0.7.33.tgz",
      "integrity": "sha512-wKEtVR4vXuPT9cVEIJkYWnlF++Gx3BdLatPBM+SZ1ztVIvnhdGBZR/mn9x/PzyrMcRlZmyi6L56I2J3doVBnjA==",
      "funding": [
        {
          "type": "opencollective",
          "url": "https://opencollective.com/ua-parser-js"
        },
        {
          "type": "paypal",
          "url": "https://paypal.me/faisalman"
        }
      ],
      "engines": {
        "node": "*"
      }
    },
    "node_modules/husky": {
      "version": "7.0.4",
      "resolved": "https://registry.npmjs.org/husky/-/husky-7.0.4.tgz",
      "integrity": "sha512-vbaCKN2QLtP/vD4yvs6iz6hBEo6wkSzs8HpRah1Z6aGmF2KW5PdYuAd7uX5a+OyBZHBhd+TFLqgjUgytQr4RvQ==",
      "dev": true,
      "bin": {
        "husky": "lib/bin.js"
      },
      "engines": {
        "node": ">=12"
      },
      "funding": {
        "url": "https://github.com/sponsors/typicode"
      }
    },
    "node_modules/js-tokens": {
      "version": "4.0.0",
      "resolved": "https://registry.npmjs.org/js-tokens/-/js-tokens-4.0.0.tgz",
      "integrity": "sha512-RdJUflcE3cUzKiMqQgsCu06FPu9UdIJO0beYbPhHN4k6apgJtifcoCtT9bcxOpYBtpD2kCM6Sbzg4CausW/PKQ==",
      "dev": true
    },
    "node_modules/loose-envify": {
      "version": "1.4.0",
      "resolved": "https://registry.npmjs.org/loose-envify/-/loose-envify-1.4.0.tgz",
      "integrity": "sha512-lyuxPGr/Wfhrlem2CL/UcnUc1zcqKAImBDzukY7Y5F/yQiNdko6+fRLevlw1HgMySw7f611UIY408EtxRSoK3Q==",
      "dev": true,
      "dependencies": {
        "js-tokens": "^3.0.0 || ^4.0.0"
      },
      "bin": {
        "loose-envify": "cli.js"
      }
    },
    "node_modules/object-assign": {
      "version": "4.1.1",
      "resolved": "https://registry.npmjs.org/object-assign/-/object-assign-4.1.1.tgz",
      "integrity": "sha1-IQmtx5ZYh8/AXLvUQsrIv7s2CGM=",
      "dev": true,
      "engines": {
        "node": ">=0.10.0"
      }
    },
    "node_modules/react": {
      "version": "17.0.2",
      "resolved": "https://registry.npmjs.org/react/-/react-17.0.2.tgz",
      "integrity": "sha512-gnhPt75i/dq/z3/6q/0asP78D0u592D5L1pd7M8P+dck6Fu/jJeL6iVVK23fptSUZj8Vjf++7wXA8UNclGQcbA==",
      "dev": true,
      "peer": true,
      "dependencies": {
        "loose-envify": "^1.1.0",
        "object-assign": "^4.1.1"
      },
      "engines": {
        "node": ">=0.10.0"
      }
    },
    "node_modules/react-is": {
      "version": "17.0.2",
      "resolved": "https://registry.npmjs.org/react-is/-/react-is-17.0.2.tgz",
      "integrity": "sha512-w2GsyukL62IJnlaff/nRegPQR94C/XXamvMWmSHRJ4y7Ts/4ocGRmTHvOs8PSE6pB3dWOrD/nueuU5sduBsQ4w==",
      "dev": true
    },
    "node_modules/react-shallow-renderer": {
      "version": "16.14.1",
      "resolved": "https://registry.npmjs.org/react-shallow-renderer/-/react-shallow-renderer-16.14.1.tgz",
      "integrity": "sha512-rkIMcQi01/+kxiTE9D3fdS959U1g7gs+/rborw++42m1O9FAQiNI/UNRZExVUoAOprn4umcXf+pFRou8i4zuBg==",
      "dev": true,
      "dependencies": {
        "object-assign": "^4.1.1",
        "react-is": "^16.12.0 || ^17.0.0"
      },
      "peerDependencies": {
        "react": "^16.0.0 || ^17.0.0"
      }
    },
    "node_modules/react-test-renderer": {
      "version": "17.0.2",
      "resolved": "https://registry.npmjs.org/react-test-renderer/-/react-test-renderer-17.0.2.tgz",
      "integrity": "sha512-yaQ9cB89c17PUb0x6UfWRs7kQCorVdHlutU1boVPEsB8IDZH6n9tHxMacc3y0JoXOJUsZb/t/Mb8FUWMKaM7iQ==",
      "dev": true,
      "dependencies": {
        "object-assign": "^4.1.1",
        "react-is": "^17.0.2",
        "react-shallow-renderer": "^16.13.1",
        "scheduler": "^0.20.2"
      },
      "peerDependencies": {
        "react": "17.0.2"
      }
    },
    "node_modules/scheduler": {
      "version": "0.20.2",
      "resolved": "https://registry.npmjs.org/scheduler/-/scheduler-0.20.2.tgz",
      "integrity": "sha512-2eWfGgAqqWFGqtdMmcL5zCMK1U8KlXv8SQFGglL3CEtd0aDVDWgeF/YoCmvln55m5zSk3J/20hTaSBeSObsQDQ==",
      "dev": true,
      "dependencies": {
        "loose-envify": "^1.1.0",
        "object-assign": "^4.1.1"
      }
    },
    "node_modules/tslib": {
      "version": "2.5.2",
      "resolved": "https://registry.npmjs.org/tslib/-/tslib-2.5.2.tgz",
      "integrity": "sha512-5svOrSA2w3iGFDs1HibEVBGbDrAY82bFQ3HZ3ixB+88nsbsWQoKqDRb5UBYAUPEzbBn6dAp5gRNXglySbx1MlA=="
    }
  },
  "dependencies": {
    "@amplitude/analytics-browser": {
      "version": "1.10.3",
      "resolved": "https://registry.npmjs.org/@amplitude/analytics-browser/-/analytics-browser-1.10.3.tgz",
      "integrity": "sha512-u9xnHVLMtoWawZssZDC1wYR7GjuXF9DWL09fCdxf5j0Gp9CtRurzt+kUx9KC8IzrBmNSYZ7jG8xhwUWCbIFodg==",
      "requires": {
        "@amplitude/analytics-client-common": "^0.7.0",
        "@amplitude/analytics-core": "^0.13.3",
        "@amplitude/analytics-types": "^0.20.0",
        "@amplitude/plugin-page-view-tracking-browser": "^0.8.0",
        "@amplitude/plugin-web-attribution-browser": "^0.7.0",
        "@amplitude/ua-parser-js": "^0.7.31",
        "tslib": "^2.4.1"
      }
    },
    "@amplitude/analytics-client-common": {
      "version": "0.7.0",
      "resolved": "https://registry.npmjs.org/@amplitude/analytics-client-common/-/analytics-client-common-0.7.0.tgz",
      "integrity": "sha512-fKBR5DSo6qTqFcCFnLopRdWv6Zieox3YnzyXG2Zg1hR9MDeX96GoMEwwT2VB5MPzGxE1wYW6kQPvU2C/xpn5ww==",
      "requires": {
        "@amplitude/analytics-connector": "^1.4.5",
        "@amplitude/analytics-core": "^0.13.3",
        "@amplitude/analytics-types": "^0.20.0",
        "tslib": "^2.4.1"
      }
    },
    "@amplitude/analytics-connector": {
      "version": "1.4.8",
      "resolved": "https://registry.npmjs.org/@amplitude/analytics-connector/-/analytics-connector-1.4.8.tgz",
      "integrity": "sha512-dFW7c7Wb6Ng7vbmzwbaXZSpqfBx37ukamJV9ErFYYS8vGZK/Hkbt3M7fZHBI4WFU6CCwakr2ZXPme11uGPYWkQ=="
    },
    "@amplitude/analytics-core": {
      "version": "0.13.3",
      "resolved": "https://registry.npmjs.org/@amplitude/analytics-core/-/analytics-core-0.13.3.tgz",
      "integrity": "sha512-lLLmUwi78iqGsCPgd15yH488K+3FPYQ19fCdA3OemoEK9959xCzMZe/KYafQKkgZmI4ZiZLOp3pjamKWc6mcdQ==",
      "requires": {
        "@amplitude/analytics-types": "^0.20.0",
        "tslib": "^2.4.1"
      }
    },
    "@amplitude/analytics-types": {
      "version": "0.20.0",
      "resolved": "https://registry.npmjs.org/@amplitude/analytics-types/-/analytics-types-0.20.0.tgz",
      "integrity": "sha512-OYoUrf7QUl5sL4mqcQJBu+0GuSar7ga5prJv0HDtPT4LGu7Adv8S3AWljGiEJuTS/YaOMzvTe2qyKZbwyiNrMw=="
    },
    "@amplitude/plugin-page-view-tracking-browser": {
      "version": "0.8.0",
      "resolved": "https://registry.npmjs.org/@amplitude/plugin-page-view-tracking-browser/-/plugin-page-view-tracking-browser-0.8.0.tgz",
      "integrity": "sha512-Bun7aGo7woxsnupDEY1YugLQyAXDRtFhQsXnJKKCIkyeeRCq4qsuaAz0wI8w1QV+3IhaAf0lBuSqSuBIhPFDLQ==",
      "requires": {
        "@amplitude/analytics-client-common": "^0.7.0",
        "@amplitude/analytics-types": "^0.20.0",
        "tslib": "^2.4.1"
      }
    },
    "@amplitude/plugin-web-attribution-browser": {
      "version": "0.7.0",
      "resolved": "https://registry.npmjs.org/@amplitude/plugin-web-attribution-browser/-/plugin-web-attribution-browser-0.7.0.tgz",
      "integrity": "sha512-PKC6SHIVGXvxhxO4CZQOYidoo+aKApLRFGBbRfDEVdSxEDY1b1wTHtqTJomxodqvw4pLocSDiuwC1s7B0p4zAQ==",
      "requires": {
        "@amplitude/analytics-client-common": "^0.7.0",
        "@amplitude/analytics-types": "^0.20.0",
        "tslib": "^2.4.1"
      }
    },
    "@amplitude/ua-parser-js": {
      "version": "0.7.33",
      "resolved": "https://registry.npmjs.org/@amplitude/ua-parser-js/-/ua-parser-js-0.7.33.tgz",
      "integrity": "sha512-wKEtVR4vXuPT9cVEIJkYWnlF++Gx3BdLatPBM+SZ1ztVIvnhdGBZR/mn9x/PzyrMcRlZmyi6L56I2J3doVBnjA=="
    },
    "husky": {
      "version": "7.0.4",
      "resolved": "https://registry.npmjs.org/husky/-/husky-7.0.4.tgz",
      "integrity": "sha512-vbaCKN2QLtP/vD4yvs6iz6hBEo6wkSzs8HpRah1Z6aGmF2KW5PdYuAd7uX5a+OyBZHBhd+TFLqgjUgytQr4RvQ==",
      "dev": true
    },
    "js-tokens": {
      "version": "4.0.0",
      "resolved": "https://registry.npmjs.org/js-tokens/-/js-tokens-4.0.0.tgz",
      "integrity": "sha512-RdJUflcE3cUzKiMqQgsCu06FPu9UdIJO0beYbPhHN4k6apgJtifcoCtT9bcxOpYBtpD2kCM6Sbzg4CausW/PKQ==",
      "dev": true
    },
    "loose-envify": {
      "version": "1.4.0",
      "resolved": "https://registry.npmjs.org/loose-envify/-/loose-envify-1.4.0.tgz",
      "integrity": "sha512-lyuxPGr/Wfhrlem2CL/UcnUc1zcqKAImBDzukY7Y5F/yQiNdko6+fRLevlw1HgMySw7f611UIY408EtxRSoK3Q==",
      "dev": true,
      "requires": {
        "js-tokens": "^3.0.0 || ^4.0.0"
      }
    },
    "object-assign": {
      "version": "4.1.1",
      "resolved": "https://registry.npmjs.org/object-assign/-/object-assign-4.1.1.tgz",
      "integrity": "sha1-IQmtx5ZYh8/AXLvUQsrIv7s2CGM=",
      "dev": true
    },
    "react": {
      "version": "17.0.2",
      "resolved": "https://registry.npmjs.org/react/-/react-17.0.2.tgz",
      "integrity": "sha512-gnhPt75i/dq/z3/6q/0asP78D0u592D5L1pd7M8P+dck6Fu/jJeL6iVVK23fptSUZj8Vjf++7wXA8UNclGQcbA==",
      "dev": true,
      "peer": true,
      "requires": {
        "loose-envify": "^1.1.0",
        "object-assign": "^4.1.1"
      }
    },
    "react-is": {
      "version": "17.0.2",
      "resolved": "https://registry.npmjs.org/react-is/-/react-is-17.0.2.tgz",
      "integrity": "sha512-w2GsyukL62IJnlaff/nRegPQR94C/XXamvMWmSHRJ4y7Ts/4ocGRmTHvOs8PSE6pB3dWOrD/nueuU5sduBsQ4w==",
      "dev": true
    },
    "react-shallow-renderer": {
      "version": "16.14.1",
      "resolved": "https://registry.npmjs.org/react-shallow-renderer/-/react-shallow-renderer-16.14.1.tgz",
      "integrity": "sha512-rkIMcQi01/+kxiTE9D3fdS959U1g7gs+/rborw++42m1O9FAQiNI/UNRZExVUoAOprn4umcXf+pFRou8i4zuBg==",
      "dev": true,
      "requires": {
        "object-assign": "^4.1.1",
        "react-is": "^16.12.0 || ^17.0.0"
      }
    },
    "react-test-renderer": {
      "version": "17.0.2",
      "resolved": "https://registry.npmjs.org/react-test-renderer/-/react-test-renderer-17.0.2.tgz",
      "integrity": "sha512-yaQ9cB89c17PUb0x6UfWRs7kQCorVdHlutU1boVPEsB8IDZH6n9tHxMacc3y0JoXOJUsZb/t/Mb8FUWMKaM7iQ==",
      "dev": true,
      "requires": {
        "object-assign": "^4.1.1",
        "react-is": "^17.0.2",
        "react-shallow-renderer": "^16.13.1",
        "scheduler": "^0.20.2"
      }
    },
    "scheduler": {
      "version": "0.20.2",
      "resolved": "https://registry.npmjs.org/scheduler/-/scheduler-0.20.2.tgz",
      "integrity": "sha512-2eWfGgAqqWFGqtdMmcL5zCMK1U8KlXv8SQFGglL3CEtd0aDVDWgeF/YoCmvln55m5zSk3J/20hTaSBeSObsQDQ==",
      "dev": true,
      "requires": {
        "loose-envify": "^1.1.0",
        "object-assign": "^4.1.1"
      }
    },
    "tslib": {
      "version": "2.5.2",
      "resolved": "https://registry.npmjs.org/tslib/-/tslib-2.5.2.tgz",
      "integrity": "sha512-5svOrSA2w3iGFDs1HibEVBGbDrAY82bFQ3HZ3ixB+88nsbsWQoKqDRb5UBYAUPEzbBn6dAp5gRNXglySbx1MlA=="
    }
  }
}
