{
  "name": "flow_climate",
  "version": "0.0.0",
  "lockfileVersion": 2,
  "requires": true,
  "packages": {
    "": {
      "name": "flow_climate",
      "version": "0.0.0",
      "dependencies": {
        "amplitude-js": "^8.21.9"
      },
      "devDependencies": {
        "husky": "^7.0.0",
        "react-test-renderer": "^17.0.2"
      },
      "engines": {
        "node": "18"
      }
    },
    "node_modules/@amplitude/analytics-connector": {
      "version": "1.4.8",
      "resolved": "https://registry.npmjs.org/@amplitude/analytics-connector/-/analytics-connector-1.4.8.tgz",
      "integrity": "sha512-dFW7c7Wb6Ng7vbmzwbaXZSpqfBx37ukamJV9ErFYYS8vGZK/Hkbt3M7fZHBI4WFU6CCwakr2ZXPme11uGPYWkQ=="
    },
    "node_modules/@amplitude/types": {
      "version": "1.10.2",
      "resolved": "https://registry.npmjs.org/@amplitude/types/-/types-1.10.2.tgz",
      "integrity": "sha512-I8qenRI7uU6wKNb9LiZrAosSHVoNHziXouKY81CrqxH9xhVTEIJFXeuCV0hbtBr0Al/8ejnGjQRx+S2SvU/pPg==",
      "engines": {
        "node": ">=10"
      }
    },
    "node_modules/@amplitude/ua-parser-js": {
      "version": "0.7.33",
      "resolved": "https://registry.npmjs.org/@amplitude/ua-parser-js/-/ua-parser-js-0.7.33.tgz",
      "integrity": "sha512-wKEtVR4vXuPT9cVEIJkYWnlF++Gx3BdLatPBM+SZ1ztVIvnhdGBZR/mn9x/PzyrMcRlZmyi6L56I2J3doVBnjA==",
      "funding": [
        {
          "type": "opencollective",
          "url": "https://opencollective.com/ua-parser-js"
        },
        {
          "type": "paypal",
          "url": "https://paypal.me/faisalman"
        }
      ],
      "engines": {
        "node": "*"
      }
    },
    "node_modules/@amplitude/utils": {
      "version": "1.10.2",
      "resolved": "https://registry.npmjs.org/@amplitude/utils/-/utils-1.10.2.tgz",
      "integrity": "sha512-tVsHXu61jITEtRjB7NugQ5cVDd4QDzne8T3ifmZye7TiJeUfVRvqe44gDtf55A+7VqhDhyEIIXTA1iVcDGqlEw==",
      "dependencies": {
        "@amplitude/types": "^1.10.2",
        "tslib": "^2.0.0"
      },
      "engines": {
        "node": ">=10"
      }
    },
    "node_modules/@babel/runtime": {
      "version": "7.22.5",
      "resolved": "https://registry.npmjs.org/@babel/runtime/-/runtime-7.22.5.tgz",
      "integrity": "sha512-ecjvYlnAaZ/KVneE/OdKYBYfgXV3Ptu6zQWmgEF7vwKhQnvVS6bjMD2XYgj+SNvQ1GfK/pjgokfPkC/2CO8CuA==",
      "dependencies": {
        "regenerator-runtime": "^0.13.11"
      },
      "engines": {
        "node": ">=6.9.0"
      }
    },
    "node_modules/amplitude-js": {
      "version": "8.21.9",
      "resolved": "https://registry.npmjs.org/amplitude-js/-/amplitude-js-8.21.9.tgz",
      "integrity": "sha512-d0jJH00wbXu7sxKtVwkdSXtVffjqdUrxuACKlnzP7jU5qt9wriXXMgHifdH5Oq+buKmyF8wKL9S02gAykysURA==",
      "dependencies": {
        "@amplitude/analytics-connector": "^1.4.6",
        "@amplitude/ua-parser-js": "0.7.33",
        "@amplitude/utils": "^1.10.2",
        "@babel/runtime": "^7.21.0",
        "blueimp-md5": "^2.19.0",
        "query-string": "8.1.0"
      }
    },
    "node_modules/blueimp-md5": {
      "version": "2.19.0",
      "resolved": "https://registry.npmjs.org/blueimp-md5/-/blueimp-md5-2.19.0.tgz",
      "integrity": "sha512-DRQrD6gJyy8FbiE4s+bDoXS9hiW3Vbx5uCdwvcCf3zLHL+Iv7LtGHLpr+GZV8rHG8tK766FGYBwRbu8pELTt+w=="
    },
    "node_modules/decode-uri-component": {
      "version": "0.4.1",
      "resolved": "https://registry.npmjs.org/decode-uri-component/-/decode-uri-component-0.4.1.tgz",
      "integrity": "sha512-+8VxcR21HhTy8nOt6jf20w0c9CADrw1O8d+VZ/YzzCt4bJ3uBjw+D1q2osAB8RnpwwaeYBxy0HyKQxD5JBMuuQ==",
      "engines": {
        "node": ">=14.16"
      }
    },
    "node_modules/filter-obj": {
      "version": "5.1.0",
      "resolved": "https://registry.npmjs.org/filter-obj/-/filter-obj-5.1.0.tgz",
      "integrity": "sha512-qWeTREPoT7I0bifpPUXtxkZJ1XJzxWtfoWWkdVGqa+eCr3SHW/Ocp89o8vLvbUuQnadybJpjOKu4V+RwO6sGng==",
      "engines": {
        "node": ">=14.16"
      },
      "funding": {
        "url": "https://github.com/sponsors/sindresorhus"
      }
    },
    "node_modules/husky": {
      "version": "7.0.4",
      "resolved": "https://registry.npmjs.org/husky/-/husky-7.0.4.tgz",
      "integrity": "sha512-vbaCKN2QLtP/vD4yvs6iz6hBEo6wkSzs8HpRah1Z6aGmF2KW5PdYuAd7uX5a+OyBZHBhd+TFLqgjUgytQr4RvQ==",
      "dev": true,
      "bin": {
        "husky": "lib/bin.js"
      },
      "engines": {
        "node": ">=12"
      },
      "funding": {
        "url": "https://github.com/sponsors/typicode"
      }
    },
    "node_modules/js-tokens": {
      "version": "4.0.0",
      "resolved": "https://registry.npmjs.org/js-tokens/-/js-tokens-4.0.0.tgz",
      "integrity": "sha512-RdJUflcE3cUzKiMqQgsCu06FPu9UdIJO0beYbPhHN4k6apgJtifcoCtT9bcxOpYBtpD2kCM6Sbzg4CausW/PKQ==",
      "dev": true
    },
    "node_modules/loose-envify": {
      "version": "1.4.0",
      "resolved": "https://registry.npmjs.org/loose-envify/-/loose-envify-1.4.0.tgz",
      "integrity": "sha512-lyuxPGr/Wfhrlem2CL/UcnUc1zcqKAImBDzukY7Y5F/yQiNdko6+fRLevlw1HgMySw7f611UIY408EtxRSoK3Q==",
      "dev": true,
      "dependencies": {
        "js-tokens": "^3.0.0 || ^4.0.0"
      },
      "bin": {
        "loose-envify": "cli.js"
      }
    },
    "node_modules/object-assign": {
      "version": "4.1.1",
      "resolved": "https://registry.npmjs.org/object-assign/-/object-assign-4.1.1.tgz",
      "integrity": "sha1-IQmtx5ZYh8/AXLvUQsrIv7s2CGM=",
      "dev": true,
      "engines": {
        "node": ">=0.10.0"
      }
    },
    "node_modules/query-string": {
      "version": "8.1.0",
      "resolved": "https://registry.npmjs.org/query-string/-/query-string-8.1.0.tgz",
      "integrity": "sha512-BFQeWxJOZxZGix7y+SByG3F36dA0AbTy9o6pSmKFcFz7DAj0re9Frkty3saBn3nHo3D0oZJ/+rx3r8H8r8Jbpw==",
      "dependencies": {
        "decode-uri-component": "^0.4.1",
        "filter-obj": "^5.1.0",
        "split-on-first": "^3.0.0"
      },
      "engines": {
        "node": ">=14.16"
      },
      "funding": {
        "url": "https://github.com/sponsors/sindresorhus"
      }
    },
    "node_modules/react": {
      "version": "17.0.2",
      "resolved": "https://registry.npmjs.org/react/-/react-17.0.2.tgz",
      "integrity": "sha512-gnhPt75i/dq/z3/6q/0asP78D0u592D5L1pd7M8P+dck6Fu/jJeL6iVVK23fptSUZj8Vjf++7wXA8UNclGQcbA==",
      "dev": true,
      "peer": true,
      "dependencies": {
        "loose-envify": "^1.1.0",
        "object-assign": "^4.1.1"
      },
      "engines": {
        "node": ">=0.10.0"
      }
    },
    "node_modules/react-is": {
      "version": "17.0.2",
      "resolved": "https://registry.npmjs.org/react-is/-/react-is-17.0.2.tgz",
      "integrity": "sha512-w2GsyukL62IJnlaff/nRegPQR94C/XXamvMWmSHRJ4y7Ts/4ocGRmTHvOs8PSE6pB3dWOrD/nueuU5sduBsQ4w==",
      "dev": true
    },
    "node_modules/react-shallow-renderer": {
      "version": "16.14.1",
      "resolved": "https://registry.npmjs.org/react-shallow-renderer/-/react-shallow-renderer-16.14.1.tgz",
      "integrity": "sha512-rkIMcQi01/+kxiTE9D3fdS959U1g7gs+/rborw++42m1O9FAQiNI/UNRZExVUoAOprn4umcXf+pFRou8i4zuBg==",
      "dev": true,
      "dependencies": {
        "object-assign": "^4.1.1",
        "react-is": "^16.12.0 || ^17.0.0"
      },
      "peerDependencies": {
        "react": "^16.0.0 || ^17.0.0"
      }
    },
    "node_modules/react-test-renderer": {
      "version": "17.0.2",
      "resolved": "https://registry.npmjs.org/react-test-renderer/-/react-test-renderer-17.0.2.tgz",
      "integrity": "sha512-yaQ9cB89c17PUb0x6UfWRs7kQCorVdHlutU1boVPEsB8IDZH6n9tHxMacc3y0JoXOJUsZb/t/Mb8FUWMKaM7iQ==",
      "dev": true,
      "dependencies": {
        "object-assign": "^4.1.1",
        "react-is": "^17.0.2",
        "react-shallow-renderer": "^16.13.1",
        "scheduler": "^0.20.2"
      },
      "peerDependencies": {
        "react": "17.0.2"
      }
    },
    "node_modules/regenerator-runtime": {
      "version": "0.13.11",
      "resolved": "https://registry.npmjs.org/regenerator-runtime/-/regenerator-runtime-0.13.11.tgz",
      "integrity": "sha512-kY1AZVr2Ra+t+piVaJ4gxaFaReZVH40AKNo7UCX6W+dEwBo/2oZJzqfuN1qLq1oL45o56cPaTXELwrTh8Fpggg=="
    },
    "node_modules/scheduler": {
      "version": "0.20.2",
      "resolved": "https://registry.npmjs.org/scheduler/-/scheduler-0.20.2.tgz",
      "integrity": "sha512-2eWfGgAqqWFGqtdMmcL5zCMK1U8KlXv8SQFGglL3CEtd0aDVDWgeF/YoCmvln55m5zSk3J/20hTaSBeSObsQDQ==",
      "dev": true,
      "dependencies": {
        "loose-envify": "^1.1.0",
        "object-assign": "^4.1.1"
      }
    },
    "node_modules/split-on-first": {
      "version": "3.0.0",
      "resolved": "https://registry.npmjs.org/split-on-first/-/split-on-first-3.0.0.tgz",
      "integrity": "sha512-qxQJTx2ryR0Dw0ITYyekNQWpz6f8dGd7vffGNflQQ3Iqj9NJ6qiZ7ELpZsJ/QBhIVAiDfXdag3+Gp8RvWa62AA==",
      "engines": {
        "node": ">=12"
      },
      "funding": {
        "url": "https://github.com/sponsors/sindresorhus"
      }
    },
    "node_modules/tslib": {
      "version": "2.6.0",
      "resolved": "https://registry.npmjs.org/tslib/-/tslib-2.6.0.tgz",
      "integrity": "sha512-7At1WUettjcSRHXCyYtTselblcHl9PJFFVKiCAy/bY97+BPZXSQ2wbq0P9s8tK2G7dFQfNnlJnPAiArVBVBsfA=="
    }
  },
  "dependencies": {
    "@amplitude/analytics-connector": {
      "version": "1.4.8",
      "resolved": "https://registry.npmjs.org/@amplitude/analytics-connector/-/analytics-connector-1.4.8.tgz",
      "integrity": "sha512-dFW7c7Wb6Ng7vbmzwbaXZSpqfBx37ukamJV9ErFYYS8vGZK/Hkbt3M7fZHBI4WFU6CCwakr2ZXPme11uGPYWkQ=="
    },
    "@amplitude/types": {
      "version": "1.10.2",
      "resolved": "https://registry.npmjs.org/@amplitude/types/-/types-1.10.2.tgz",
      "integrity": "sha512-I8qenRI7uU6wKNb9LiZrAosSHVoNHziXouKY81CrqxH9xhVTEIJFXeuCV0hbtBr0Al/8ejnGjQRx+S2SvU/pPg=="
    },
    "@amplitude/ua-parser-js": {
      "version": "0.7.33",
      "resolved": "https://registry.npmjs.org/@amplitude/ua-parser-js/-/ua-parser-js-0.7.33.tgz",
      "integrity": "sha512-wKEtVR4vXuPT9cVEIJkYWnlF++Gx3BdLatPBM+SZ1ztVIvnhdGBZR/mn9x/PzyrMcRlZmyi6L56I2J3doVBnjA=="
    },
    "@amplitude/utils": {
      "version": "1.10.2",
      "resolved": "https://registry.npmjs.org/@amplitude/utils/-/utils-1.10.2.tgz",
      "integrity": "sha512-tVsHXu61jITEtRjB7NugQ5cVDd4QDzne8T3ifmZye7TiJeUfVRvqe44gDtf55A+7VqhDhyEIIXTA1iVcDGqlEw==",
      "requires": {
        "@amplitude/types": "^1.10.2",
        "tslib": "^2.0.0"
      }
    },
    "@babel/runtime": {
      "version": "7.22.5",
      "resolved": "https://registry.npmjs.org/@babel/runtime/-/runtime-7.22.5.tgz",
      "integrity": "sha512-ecjvYlnAaZ/KVneE/OdKYBYfgXV3Ptu6zQWmgEF7vwKhQnvVS6bjMD2XYgj+SNvQ1GfK/pjgokfPkC/2CO8CuA==",
      "requires": {
        "regenerator-runtime": "^0.13.11"
      }
    },
    "amplitude-js": {
      "version": "8.21.9",
      "resolved": "https://registry.npmjs.org/amplitude-js/-/amplitude-js-8.21.9.tgz",
      "integrity": "sha512-d0jJH00wbXu7sxKtVwkdSXtVffjqdUrxuACKlnzP7jU5qt9wriXXMgHifdH5Oq+buKmyF8wKL9S02gAykysURA==",
      "requires": {
        "@amplitude/analytics-connector": "^1.4.6",
        "@amplitude/ua-parser-js": "0.7.33",
        "@amplitude/utils": "^1.10.2",
        "@babel/runtime": "^7.21.0",
        "blueimp-md5": "^2.19.0",
        "query-string": "8.1.0"
      }
    },
    "blueimp-md5": {
      "version": "2.19.0",
      "resolved": "https://registry.npmjs.org/blueimp-md5/-/blueimp-md5-2.19.0.tgz",
      "integrity": "sha512-DRQrD6gJyy8FbiE4s+bDoXS9hiW3Vbx5uCdwvcCf3zLHL+Iv7LtGHLpr+GZV8rHG8tK766FGYBwRbu8pELTt+w=="
    },
    "decode-uri-component": {
      "version": "0.4.1",
      "resolved": "https://registry.npmjs.org/decode-uri-component/-/decode-uri-component-0.4.1.tgz",
      "integrity": "sha512-+8VxcR21HhTy8nOt6jf20w0c9CADrw1O8d+VZ/YzzCt4bJ3uBjw+D1q2osAB8RnpwwaeYBxy0HyKQxD5JBMuuQ=="
    },
    "filter-obj": {
      "version": "5.1.0",
      "resolved": "https://registry.npmjs.org/filter-obj/-/filter-obj-5.1.0.tgz",
      "integrity": "sha512-qWeTREPoT7I0bifpPUXtxkZJ1XJzxWtfoWWkdVGqa+eCr3SHW/Ocp89o8vLvbUuQnadybJpjOKu4V+RwO6sGng=="
    },
    "husky": {
      "version": "7.0.4",
      "resolved": "https://registry.npmjs.org/husky/-/husky-7.0.4.tgz",
      "integrity": "sha512-vbaCKN2QLtP/vD4yvs6iz6hBEo6wkSzs8HpRah1Z6aGmF2KW5PdYuAd7uX5a+OyBZHBhd+TFLqgjUgytQr4RvQ==",
      "dev": true
    },
    "js-tokens": {
      "version": "4.0.0",
      "resolved": "https://registry.npmjs.org/js-tokens/-/js-tokens-4.0.0.tgz",
      "integrity": "sha512-RdJUflcE3cUzKiMqQgsCu06FPu9UdIJO0beYbPhHN4k6apgJtifcoCtT9bcxOpYBtpD2kCM6Sbzg4CausW/PKQ==",
      "dev": true
    },
    "loose-envify": {
      "version": "1.4.0",
      "resolved": "https://registry.npmjs.org/loose-envify/-/loose-envify-1.4.0.tgz",
      "integrity": "sha512-lyuxPGr/Wfhrlem2CL/UcnUc1zcqKAImBDzukY7Y5F/yQiNdko6+fRLevlw1HgMySw7f611UIY408EtxRSoK3Q==",
      "dev": true,
      "requires": {
        "js-tokens": "^3.0.0 || ^4.0.0"
      }
    },
    "object-assign": {
      "version": "4.1.1",
      "resolved": "https://registry.npmjs.org/object-assign/-/object-assign-4.1.1.tgz",
      "integrity": "sha1-IQmtx5ZYh8/AXLvUQsrIv7s2CGM=",
      "dev": true
    },
    "query-string": {
      "version": "8.1.0",
      "resolved": "https://registry.npmjs.org/query-string/-/query-string-8.1.0.tgz",
      "integrity": "sha512-BFQeWxJOZxZGix7y+SByG3F36dA0AbTy9o6pSmKFcFz7DAj0re9Frkty3saBn3nHo3D0oZJ/+rx3r8H8r8Jbpw==",
      "requires": {
        "decode-uri-component": "^0.4.1",
        "filter-obj": "^5.1.0",
        "split-on-first": "^3.0.0"
      }
    },
    "react": {
      "version": "17.0.2",
      "resolved": "https://registry.npmjs.org/react/-/react-17.0.2.tgz",
      "integrity": "sha512-gnhPt75i/dq/z3/6q/0asP78D0u592D5L1pd7M8P+dck6Fu/jJeL6iVVK23fptSUZj8Vjf++7wXA8UNclGQcbA==",
      "dev": true,
      "peer": true,
      "requires": {
        "loose-envify": "^1.1.0",
        "object-assign": "^4.1.1"
      }
    },
    "react-is": {
      "version": "17.0.2",
      "resolved": "https://registry.npmjs.org/react-is/-/react-is-17.0.2.tgz",
      "integrity": "sha512-w2GsyukL62IJnlaff/nRegPQR94C/XXamvMWmSHRJ4y7Ts/4ocGRmTHvOs8PSE6pB3dWOrD/nueuU5sduBsQ4w==",
      "dev": true
    },
    "react-shallow-renderer": {
      "version": "16.14.1",
      "resolved": "https://registry.npmjs.org/react-shallow-renderer/-/react-shallow-renderer-16.14.1.tgz",
      "integrity": "sha512-rkIMcQi01/+kxiTE9D3fdS959U1g7gs+/rborw++42m1O9FAQiNI/UNRZExVUoAOprn4umcXf+pFRou8i4zuBg==",
      "dev": true,
      "requires": {
        "object-assign": "^4.1.1",
        "react-is": "^16.12.0 || ^17.0.0"
      }
    },
    "react-test-renderer": {
      "version": "17.0.2",
      "resolved": "https://registry.npmjs.org/react-test-renderer/-/react-test-renderer-17.0.2.tgz",
      "integrity": "sha512-yaQ9cB89c17PUb0x6UfWRs7kQCorVdHlutU1boVPEsB8IDZH6n9tHxMacc3y0JoXOJUsZb/t/Mb8FUWMKaM7iQ==",
      "dev": true,
      "requires": {
        "object-assign": "^4.1.1",
        "react-is": "^17.0.2",
        "react-shallow-renderer": "^16.13.1",
        "scheduler": "^0.20.2"
      }
    },
    "regenerator-runtime": {
      "version": "0.13.11",
      "resolved": "https://registry.npmjs.org/regenerator-runtime/-/regenerator-runtime-0.13.11.tgz",
      "integrity": "sha512-kY1AZVr2Ra+t+piVaJ4gxaFaReZVH40AKNo7UCX6W+dEwBo/2oZJzqfuN1qLq1oL45o56cPaTXELwrTh8Fpggg=="
    },
    "scheduler": {
      "version": "0.20.2",
      "resolved": "https://registry.npmjs.org/scheduler/-/scheduler-0.20.2.tgz",
      "integrity": "sha512-2eWfGgAqqWFGqtdMmcL5zCMK1U8KlXv8SQFGglL3CEtd0aDVDWgeF/YoCmvln55m5zSk3J/20hTaSBeSObsQDQ==",
      "dev": true,
      "requires": {
        "loose-envify": "^1.1.0",
        "object-assign": "^4.1.1"
      }
    },
    "split-on-first": {
      "version": "3.0.0",
      "resolved": "https://registry.npmjs.org/split-on-first/-/split-on-first-3.0.0.tgz",
      "integrity": "sha512-qxQJTx2ryR0Dw0ITYyekNQWpz6f8dGd7vffGNflQQ3Iqj9NJ6qiZ7ELpZsJ/QBhIVAiDfXdag3+Gp8RvWa62AA=="
    },
    "tslib": {
      "version": "2.6.0",
      "resolved": "https://registry.npmjs.org/tslib/-/tslib-2.6.0.tgz",
      "integrity": "sha512-7At1WUettjcSRHXCyYtTselblcHl9PJFFVKiCAy/bY97+BPZXSQ2wbq0P9s8tK2G7dFQfNnlJnPAiArVBVBsfA=="
    }
  }
}
